{
    "name": "render-html",
    "version": "1.0.0",
    "lockfileVersion": 1,
    "requires": true,
    "dependencies": {
        "@middy/core": {
            "version": "1.0.0",
            "resolved": "https://registry.npmjs.org/@middy/core/-/core-1.0.0.tgz",
            "integrity": "sha512-97niLTWQMK/zixQoFdkpVzskxkkj5r+TdYABOHFN1GittBcqVFZ/4dEKissmL1eQASIb/70RpHlbcDxWQfoPCA==",
            "requires": {
                "once": "^1.4.0"
            }
        },
        "@middy/http-error-handler": {
            "version": "1.0.0",
            "resolved": "https://registry.npmjs.org/@middy/http-error-handler/-/http-error-handler-1.0.0.tgz",
            "integrity": "sha512-A5JiN6h+OHeybadfbL06mMjwLblFs8TiJ8tafnDNp5i0f1W0mA/qRjun1UOOFq77Qnh0PtuiR/HUYzwAnLD0Ig==",
            "requires": {
                "http-errors": "^1.6.3"
            }
        },
        "@middy/http-event-normalizer": {
            "version": "1.0.0",
            "resolved": "https://registry.npmjs.org/@middy/http-event-normalizer/-/http-event-normalizer-1.0.0.tgz",
            "integrity": "sha512-c9DT14ChCdmoMarPSoa+2ZW8j9eEzGQYqV7qlnt+ZfIGV9liMBYsimyL5bry9HJftQ03zI5+Oz1VF7v7IvSrNQ=="
        },
        "@middy/http-security-headers": {
            "version": "1.0.0",
            "resolved": "https://registry.npmjs.org/@middy/http-security-headers/-/http-security-headers-1.0.0.tgz",
            "integrity": "sha512-Yf/SJb9EC+JqlBi6x6q2V16U4z66RWrF42CkqMG2E5pjWv4zd0Jqi9rUPalV6LLYTpskn+ExvtAlxyfIZhz8eA=="
        },
        "@middy/validator": {
            "version": "1.0.0",
            "resolved": "https://registry.npmjs.org/@middy/validator/-/validator-1.0.0.tgz",
            "integrity": "sha512-emG0+jS55L/dVd0oZmWfzBOf2hN0WJ2PJ/0b/ik5+wKM0u/I3+4dY/bYvgoEqcssosiMpsIB3/XBOsk1jR39og==",
            "requires": {
                "@types/http-errors": "^1.6.1",
                "ajv": "^6.5.0",
                "ajv-i18n": "^3.3.0",
                "ajv-keywords": "^3.2.0",
                "http-errors": "^1.6.3"
            }
        },
        "@types/http-errors": {
            "version": "1.6.3",
            "resolved": "https://registry.npmjs.org/@types/http-errors/-/http-errors-1.6.3.tgz",
            "integrity": "sha512-4KCE/agIcoQ9bIfa4sBxbZdnORzRjIw8JNQPLfqoNv7wQl/8f8mRbW68Q8wBsQFoJkPUHGlQYZ9sqi5WpfGSEQ=="
        },
        "ajv": {
            "version": "6.12.3",
            "resolved": "https://registry.npmjs.org/ajv/-/ajv-6.12.3.tgz",
            "integrity": "sha512-4K0cK3L1hsqk9xIb2z9vs/XU+PGJZ9PNpJRDS9YLzmNdX6jmVPfamLvTJr0aDAusnHyCHO6MjzlkAsgtqp9teA==",
            "requires": {
                "fast-deep-equal": "^3.1.1",
                "fast-json-stable-stringify": "^2.0.0",
                "json-schema-traverse": "^0.4.1",
                "uri-js": "^4.2.2"
            }
        },
        "ajv-i18n": {
            "version": "3.5.0",
            "resolved": "https://registry.npmjs.org/ajv-i18n/-/ajv-i18n-3.5.0.tgz",
            "integrity": "sha512-IR8uhRH0La4DweKHqBOVeoNo2prJ3bowWzGtNS3uDvYv5wKLgH/WQsoh6gHPVxTWXCGr+R+6I5vXDSXGAYnNPA=="
        },
        "ajv-keywords": {
            "version": "3.5.1",
            "resolved": "https://registry.npmjs.org/ajv-keywords/-/ajv-keywords-3.5.1.tgz",
            "integrity": "sha512-KWcq3xN8fDjSB+IMoh2VaXVhRI0BBGxoYp3rx7Pkb6z0cFjYR9Q9l4yZqqals0/zsioCmocC5H6UvsGD4MoIBA=="
        },
        "at-least-node": {
            "version": "1.0.0",
            "resolved": "https://registry.npmjs.org/at-least-node/-/at-least-node-1.0.0.tgz",
            "integrity": "sha512-+q/t7Ekv1EDY2l6Gda6LLiX14rU9TV20Wa3ofeQmwPFZbOMo9DXrLbOjFaaclkXKWidIaopwAObQDqwWtGUjqg=="
        },
        "depd": {
            "version": "1.1.2",
            "resolved": "https://registry.npmjs.org/depd/-/depd-1.1.2.tgz",
            "integrity": "sha1-m81S4UwJd2PnSbJ0xDRu0uVgtak="
        },
        "fast-deep-equal": {
            "version": "3.1.3",
            "resolved": "https://registry.npmjs.org/fast-deep-equal/-/fast-deep-equal-3.1.3.tgz",
            "integrity": "sha512-f3qQ9oQy9j2AhBe/H9VC91wLmKBCCU/gDOnKNAYG5hswO7BLKj09Hc5HYNz9cGI++xlpDCIgDaitVs03ATR84Q=="
        },
        "fast-json-stable-stringify": {
            "version": "2.1.0",
            "resolved": "https://registry.npmjs.org/fast-json-stable-stringify/-/fast-json-stable-stringify-2.1.0.tgz",
            "integrity": "sha512-lhd/wF+Lk98HZoTCtlVraHtfh5XYijIjalXck7saUtuanSDyLMxnHhSXEDJqHxD7msR8D0uCmqlkwjCV8xvwHw=="
        },
        "fs-extra": {
            "version": "9.0.1",
            "resolved": "https://registry.npmjs.org/fs-extra/-/fs-extra-9.0.1.tgz",
            "integrity": "sha512-h2iAoN838FqAFJY2/qVpzFXy+EBxfVE220PalAqQLDVsFOHLJrZvut5puAbCdNv6WJk+B8ihI+k0c7JK5erwqQ==",
            "requires": {
                "at-least-node": "^1.0.0",
                "graceful-fs": "^4.2.0",
                "jsonfile": "^6.0.1",
                "universalify": "^1.0.0"
            }
        },
        "graceful-fs": {
            "version": "4.2.4",
            "resolved": "https://registry.npmjs.org/graceful-fs/-/graceful-fs-4.2.4.tgz",
            "integrity": "sha512-WjKPNJF79dtJAVniUlGGWHYGz2jWxT6VhN/4m1NdkbZ2nOsEF+cI1Edgql5zCRhs/VsQYRvrXctxktVXZUkixw=="
        },
        "http-errors": {
            "version": "1.8.0",
            "resolved": "https://registry.npmjs.org/http-errors/-/http-errors-1.8.0.tgz",
            "integrity": "sha512-4I8r0C5JDhT5VkvI47QktDW75rNlGVsUf/8hzjCC/wkWI/jdTRmBb9aI7erSG82r1bjKY3F6k28WnsVxB1C73A==",
            "requires": {
                "depd": "~1.1.2",
                "inherits": "2.0.4",
                "setprototypeof": "1.2.0",
                "statuses": ">= 1.5.0 < 2",
                "toidentifier": "1.0.0"
            }
        },
        "inherits": {
            "version": "2.0.4",
            "resolved": "https://registry.npmjs.org/inherits/-/inherits-2.0.4.tgz",
            "integrity": "sha512-k/vGaX4/Yla3WzyMCvTQOXYeIHvqOKtnqBduzTHpzpQZzAskKMhZ2K+EnBiSM9zGSoIFeMpXKxa4dYeZIQqewQ=="
        },
        "json-schema-traverse": {
            "version": "0.4.1",
            "resolved": "https://registry.npmjs.org/json-schema-traverse/-/json-schema-traverse-0.4.1.tgz",
            "integrity": "sha512-xbbCH5dCYU5T8LcEhhuh7HJ88HXuW3qsI3Y0zOZFKfZEHcpWiHU/Jxzk629Brsab/mMiHQti9wMP+845RPe3Vg=="
        },
        "jsonfile": {
            "version": "6.0.1",
            "resolved": "https://registry.npmjs.org/jsonfile/-/jsonfile-6.0.1.tgz",
            "integrity": "sha512-jR2b5v7d2vIOust+w3wtFKZIfpC2pnRmFAhAC/BuweZFQR8qZzxH1OyrQ10HmdVYiXWkYUqPVsz91cG7EL2FBg==",
            "requires": {
                "graceful-fs": "^4.1.6",
                "universalify": "^1.0.0"
            }
        },
        "lib": {
            "version": "file:../../lib",
            "requires": {
                "fast-glob": "^3.2.4",
                "node-fetch": "^2.6.0",
                "nunjucks": "^3.2.1",
                "route-parser": "^0.0.5"
            },
            "dependencies": {
                "@nodelib/fs.scandir": {
                    "version": "2.1.3",
                    "resolved": "https://registry.npmjs.org/@nodelib/fs.scandir/-/fs.scandir-2.1.3.tgz",
                    "integrity": "sha512-eGmwYQn3gxo4r7jdQnkrrN6bY478C3P+a/y72IJukF8LjB6ZHeB3c+Ehacj3sYeSmUXGlnA67/PmbM9CVwL7Dw==",
                    "requires": {
                        "@nodelib/fs.stat": "2.0.3",
                        "run-parallel": "^1.1.9"
                    }
                },
                "@nodelib/fs.stat": {
                    "version": "2.0.3",
                    "resolved": "https://registry.npmjs.org/@nodelib/fs.stat/-/fs.stat-2.0.3.tgz",
                    "integrity": "sha512-bQBFruR2TAwoevBEd/NWMoAAtNGzTRgdrqnYCc7dhzfoNvqPzLyqlEQnzZ3kVnNrSp25iyxE00/3h2fqGAGArA=="
                },
                "@nodelib/fs.walk": {
                    "version": "1.2.4",
                    "resolved": "https://registry.npmjs.org/@nodelib/fs.walk/-/fs.walk-1.2.4.tgz",
                    "integrity": "sha512-1V9XOY4rDW0rehzbrcqAmHnz8e7SKvX27gh8Gt2WgB0+pdzdiLV83p72kZPU+jvMbS1qU5mauP2iOvO8rhmurQ==",
                    "requires": {
                        "@nodelib/fs.scandir": "2.1.3",
                        "fastq": "^1.6.0"
                    }
                },
                "a-sync-waterfall": {
                    "version": "1.0.1",
                    "resolved": "https://registry.npmjs.org/a-sync-waterfall/-/a-sync-waterfall-1.0.1.tgz",
                    "integrity": "sha512-RYTOHHdWipFUliRFMCS4X2Yn2X8M87V/OpSqWzKKOGhzqyUxzyVmhHDH9sAvG+ZuQf/TAOFsLCpMw09I1ufUnA=="
                },
                "anymatch": {
                    "version": "3.1.1",
                    "resolved": "https://registry.npmjs.org/anymatch/-/anymatch-3.1.1.tgz",
                    "integrity": "sha512-mM8522psRCqzV+6LhomX5wgp25YVibjh8Wj23I5RPkPppSVSjyKD2A2mBJmWGa+KN7f2D6LNh9jkBCeyLktzjg==",
                    "optional": true,
                    "requires": {
                        "normalize-path": "^3.0.0",
                        "picomatch": "^2.0.4"
                    }
                },
                "asap": {
                    "version": "2.0.6",
                    "resolved": "https://registry.npmjs.org/asap/-/asap-2.0.6.tgz",
                    "integrity": "sha1-5QNHYR1+aQlDIIu9r+vLwvuGbUY="
                },
                "binary-extensions": {
                    "version": "2.1.0",
                    "resolved": "https://registry.npmjs.org/binary-extensions/-/binary-extensions-2.1.0.tgz",
                    "integrity": "sha512-1Yj8h9Q+QDF5FzhMs/c9+6UntbD5MkRfRwac8DoEm9ZfUBZ7tZ55YcGVAzEe4bXsdQHEk+s9S5wsOKVdZrw0tQ==",
                    "optional": true
                },
                "braces": {
                    "version": "3.0.2",
                    "resolved": "https://registry.npmjs.org/braces/-/braces-3.0.2.tgz",
                    "integrity": "sha512-b8um+L1RzM3WDSzvhm6gIz1yfTbBt6YTlcEKAvsmqCZZFw46z626lVj9j1yEPW33H5H+lBQpZMP1k8l+78Ha0A==",
                    "requires": {
                        "fill-range": "^7.0.1"
                    }
                },
                "chokidar": {
                    "version": "3.4.0",
                    "resolved": "https://registry.npmjs.org/chokidar/-/chokidar-3.4.0.tgz",
                    "integrity": "sha512-aXAaho2VJtisB/1fg1+3nlLJqGOuewTzQpd/Tz0yTg2R0e4IGtshYvtjowyEumcBv2z+y4+kc75Mz7j5xJskcQ==",
                    "optional": true,
                    "requires": {
                        "anymatch": "~3.1.1",
                        "braces": "~3.0.2",
                        "fsevents": "~2.1.2",
                        "glob-parent": "~5.1.0",
                        "is-binary-path": "~2.1.0",
                        "is-glob": "~4.0.1",
                        "normalize-path": "~3.0.0",
                        "readdirp": "~3.4.0"
                    }
                },
                "commander": {
                    "version": "3.0.2",
                    "resolved": "https://registry.npmjs.org/commander/-/commander-3.0.2.tgz",
                    "integrity": "sha512-Gar0ASD4BDyKC4hl4DwHqDrmvjoxWKZigVnAbn5H1owvm4CxCPdb0HQDehwNYMJpla5+M2tPmPARzhtYuwpHow=="
                },
                "fast-glob": {
                    "version": "3.2.4",
                    "resolved": "https://registry.npmjs.org/fast-glob/-/fast-glob-3.2.4.tgz",
                    "integrity": "sha512-kr/Oo6PX51265qeuCYsyGypiO5uJFgBS0jksyG7FUeCyQzNwYnzrNIMR1NXfkZXsMYXYLRAHgISHBz8gQcxKHQ==",
                    "requires": {
                        "@nodelib/fs.stat": "^2.0.2",
                        "@nodelib/fs.walk": "^1.2.3",
                        "glob-parent": "^5.1.0",
                        "merge2": "^1.3.0",
                        "micromatch": "^4.0.2",
                        "picomatch": "^2.2.1"
                    }
                },
                "fastq": {
                    "version": "1.8.0",
                    "resolved": "https://registry.npmjs.org/fastq/-/fastq-1.8.0.tgz",
                    "integrity": "sha512-SMIZoZdLh/fgofivvIkmknUXyPnvxRE3DhtZ5Me3Mrsk5gyPL42F0xr51TdRXskBxHfMp+07bcYzfsYEsSQA9Q==",
                    "requires": {
                        "reusify": "^1.0.4"
                    }
                },
                "fill-range": {
                    "version": "7.0.1",
                    "resolved": "https://registry.npmjs.org/fill-range/-/fill-range-7.0.1.tgz",
                    "integrity": "sha512-qOo9F+dMUmC2Lcb4BbVvnKJxTPjCm+RRpe4gDuGrzkL7mEVl/djYSu2OdQ2Pa302N4oqkSg9ir6jaLWJ2USVpQ==",
                    "requires": {
                        "to-regex-range": "^5.0.1"
                    }
                },
                "fsevents": {
                    "version": "2.1.3",
                    "resolved": "https://registry.npmjs.org/fsevents/-/fsevents-2.1.3.tgz",
                    "integrity": "sha512-Auw9a4AxqWpa9GUfj370BMPzzyncfBABW8Mab7BGWBYDj4Isgq+cDKtx0i6u9jcX9pQDnswsaaOTgTmA5pEjuQ==",
                    "optional": true
                },
                "glob-parent": {
                    "version": "5.1.1",
                    "resolved": "https://registry.npmjs.org/glob-parent/-/glob-parent-5.1.1.tgz",
                    "integrity": "sha512-FnI+VGOpnlGHWZxthPGR+QhR78fuiK0sNLkHQv+bL9fQi57lNNdquIbna/WrfROrolq8GK5Ek6BiMwqL/voRYQ==",
                    "requires": {
                        "is-glob": "^4.0.1"
                    }
                },
                "is-binary-path": {
                    "version": "2.1.0",
                    "resolved": "https://registry.npmjs.org/is-binary-path/-/is-binary-path-2.1.0.tgz",
                    "integrity": "sha512-ZMERYes6pDydyuGidse7OsHxtbI7WVeUEozgR/g7rd0xUimYNlvZRE/K2MgZTjWy725IfelLeVcEM97mmtRGXw==",
                    "optional": true,
                    "requires": {
                        "binary-extensions": "^2.0.0"
                    }
                },
                "is-extglob": {
                    "version": "2.1.1",
                    "resolved": "https://registry.npmjs.org/is-extglob/-/is-extglob-2.1.1.tgz",
                    "integrity": "sha1-qIwCU1eR8C7TfHahueqXc8gz+MI="
                },
                "is-glob": {
                    "version": "4.0.1",
                    "resolved": "https://registry.npmjs.org/is-glob/-/is-glob-4.0.1.tgz",
                    "integrity": "sha512-5G0tKtBTFImOqDnLB2hG6Bp2qcKEFduo4tZu9MT/H6NQv/ghhy30o55ufafxJ/LdH79LLs2Kfrn85TLKyA7BUg==",
                    "requires": {
                        "is-extglob": "^2.1.1"
                    }
                },
                "is-number": {
                    "version": "7.0.0",
                    "resolved": "https://registry.npmjs.org/is-number/-/is-number-7.0.0.tgz",
                    "integrity": "sha512-41Cifkg6e8TylSpdtTpeLVMqvSBEVzTttHvERD741+pnZ8ANv0004MRL43QKPDlK9cGvNp6NZWZUBlbGXYxxng=="
                },
                "merge2": {
                    "version": "1.4.1",
                    "resolved": "https://registry.npmjs.org/merge2/-/merge2-1.4.1.tgz",
                    "integrity": "sha512-8q7VEgMJW4J8tcfVPy8g09NcQwZdbwFEqhe/WZkoIzjn/3TGDwtOCYtXGxA3O8tPzpczCCDgv+P2P5y00ZJOOg=="
                },
                "micromatch": {
                    "version": "4.0.2",
                    "resolved": "https://registry.npmjs.org/micromatch/-/micromatch-4.0.2.tgz",
                    "integrity": "sha512-y7FpHSbMUMoyPbYUSzO6PaZ6FyRnQOpHuKwbo1G+Knck95XVU4QAiKdGEnj5wwoS7PlOgthX/09u5iFJ+aYf5Q==",
                    "requires": {
                        "braces": "^3.0.1",
                        "picomatch": "^2.0.5"
                    }
                },
                "node-fetch": {
                    "version": "2.6.0",
                    "resolved": "https://registry.npmjs.org/node-fetch/-/node-fetch-2.6.0.tgz",
                    "integrity": "sha512-8dG4H5ujfvFiqDmVu9fQ5bOHUC15JMjMY/Zumv26oOvvVJjM67KF8koCWIabKQ1GJIa9r2mMZscBq/TbdOcmNA=="
                },
                "normalize-path": {
                    "version": "3.0.0",
                    "resolved": "https://registry.npmjs.org/normalize-path/-/normalize-path-3.0.0.tgz",
                    "integrity": "sha512-6eZs5Ls3WtCisHWp9S2GUy8dqkpGi4BVSz3GaqiE6ezub0512ESztXUwUB6C6IKbQkY2Pnb/mD4WYojCRwcwLA==",
                    "optional": true
                },
                "nunjucks": {
                    "version": "3.2.1",
                    "resolved": "https://registry.npmjs.org/nunjucks/-/nunjucks-3.2.1.tgz",
                    "integrity": "sha512-LYlVuC1ZNSalQQkLNNPvcgPt2M9FTY9bs39mTCuFXtqh7jWbYzhDlmz2M6onPiXEhdZo+b9anRhc+uBGuJZ2bQ==",
                    "requires": {
                        "a-sync-waterfall": "^1.0.0",
                        "asap": "^2.0.3",
                        "chokidar": "^3.3.0",
                        "commander": "^3.0.2"
                    }
                },
                "picomatch": {
                    "version": "2.2.2",
                    "resolved": "https://registry.npmjs.org/picomatch/-/picomatch-2.2.2.tgz",
                    "integrity": "sha512-q0M/9eZHzmr0AulXyPwNfZjtwZ/RBZlbN3K3CErVrk50T2ASYI7Bye0EvekFY3IP1Nt2DHu0re+V2ZHIpMkuWg=="
                },
                "readdirp": {
                    "version": "3.4.0",
                    "resolved": "https://registry.npmjs.org/readdirp/-/readdirp-3.4.0.tgz",
                    "integrity": "sha512-0xe001vZBnJEK+uKcj8qOhyAKPzIT+gStxWr3LCB0DwcXR5NZJ3IaC+yGnHCYzB/S7ov3m3EEbZI2zeNvX+hGQ==",
                    "optional": true,
                    "requires": {
                        "picomatch": "^2.2.1"
                    }
                },
                "reusify": {
                    "version": "1.0.4",
                    "resolved": "https://registry.npmjs.org/reusify/-/reusify-1.0.4.tgz",
                    "integrity": "sha512-U9nH88a3fc/ekCF1l0/UP1IosiuIjyTh7hBvXVMHYgVcfGvt897Xguj2UOLDeI5BG2m7/uwyaLVT6fbtCwTyzw=="
                },
                "route-parser": {
                    "version": "0.0.5",
                    "resolved": "https://registry.npmjs.org/route-parser/-/route-parser-0.0.5.tgz",
                    "integrity": "sha1-fR0J0zXkkJQDHqFpkaSnmwG74fQ="
                },
                "run-parallel": {
                    "version": "1.1.9",
                    "resolved": "https://registry.npmjs.org/run-parallel/-/run-parallel-1.1.9.tgz",
                    "integrity": "sha512-DEqnSRTDw/Tc3FXf49zedI638Z9onwUotBMiUFKmrO2sdFKIbXamXGQ3Axd4qgphxKB4kw/qP1w5kTxnfU1B9Q=="
                },
                "to-regex-range": {
                    "version": "5.0.1",
                    "resolved": "https://registry.npmjs.org/to-regex-range/-/to-regex-range-5.0.1.tgz",
                    "integrity": "sha512-65P7iz6X5yEr1cwcgvQxbbIw7Uk3gOy5dIdtZ4rDveLqhrdJP+Li/Hx6tyK0NEb+2GCyneCMJiGqrADCSNk8sQ==",
                    "requires": {
                        "is-number": "^7.0.0"
                    }
                }
            }
        },
        "mime-db": {
            "version": "1.44.0",
            "resolved": "https://registry.npmjs.org/mime-db/-/mime-db-1.44.0.tgz",
            "integrity": "sha512-/NOTfLrsPBVeH7YtFPgsVWveuL+4SjjYxaQ1xtM1KMFj7HdxlBlxeyNLzhyJVx7r4rZGJAZ/6lkKCitSc/Nmpg=="
        },
        "mime-types": {
            "version": "2.1.27",
            "resolved": "https://registry.npmjs.org/mime-types/-/mime-types-2.1.27.tgz",
            "integrity": "sha512-JIhqnCasI9yD+SsmkquHBxTSEuZdQX5BuQnS2Vc7puQQQ+8yiP5AY5uWhpdv4YL4VM5c6iliiYWPgJ/nJQLp7w==",
            "requires": {
                "mime-db": "1.44.0"
            }
        },
        "once": {
            "version": "1.4.0",
            "resolved": "https://registry.npmjs.org/once/-/once-1.4.0.tgz",
            "integrity": "sha1-WDsap3WWHUsROsF9nFC6753Xa9E=",
            "requires": {
                "wrappy": "1"
            }
        },
        "punycode": {
            "version": "2.1.1",
            "resolved": "https://registry.npmjs.org/punycode/-/punycode-2.1.1.tgz",
            "integrity": "sha512-XRsRjdf+j5ml+y/6GKHPZbrF/8p2Yga0JPtdqTIY2Xe5ohJPD9saDJJLPvp9+NSBprVvevdXZybnj2cv8OEd0A=="
        },
        "setprototypeof": {
            "version": "1.2.0",
            "resolved": "https://registry.npmjs.org/setprototypeof/-/setprototypeof-1.2.0.tgz",
            "integrity": "sha512-E5LDX7Wrp85Kil5bhZv46j8jOeboKq5JMmYM3gVGdGH8xFpPWXUMsNrlODCrkoxMEeNi/XZIwuRvY4XNwYMJpw=="
        },
        "statuses": {
            "version": "1.5.0",
            "resolved": "https://registry.npmjs.org/statuses/-/statuses-1.5.0.tgz",
            "integrity": "sha1-Fhx9rBd2Wf2YEfQ3cfqZOBR4Yow="
        },
        "toidentifier": {
            "version": "1.0.0",
            "resolved": "https://registry.npmjs.org/toidentifier/-/toidentifier-1.0.0.tgz",
            "integrity": "sha512-yaOH/Pk/VEhBWWTlhI+qXxDFXlejDGcQipMlyxda9nthulaxLZUNcUqFxokp0vcYnvteJln5FNQDRrxj3YcbVw=="
        },
        "universalify": {
            "version": "1.0.0",
            "resolved": "https://registry.npmjs.org/universalify/-/universalify-1.0.0.tgz",
            "integrity": "sha512-rb6X1W158d7pRQBg5gkR8uPaSfiids68LTJQYOtEUhoJUWBdaQHsuT/EUduxXYxcrt4r5PJ4fuHW1MHT6p0qug=="
        },
        "uri-js": {
            "version": "4.2.2",
            "resolved": "https://registry.npmjs.org/uri-js/-/uri-js-4.2.2.tgz",
            "integrity": "sha512-KY9Frmirql91X2Qgjry0Wd4Y+YTdrdZheS8TFwvkbLWf/G5KNJDCh6pKL5OZctEW4+0Baa5idK2ZQuELRwPznQ==",
            "requires": {
                "punycode": "^2.1.0"
            }
        },
        "wrappy": {
            "version": "1.0.2",
            "resolved": "https://registry.npmjs.org/wrappy/-/wrappy-1.0.2.tgz",
            "integrity": "sha1-tSQ9jz7BqjXxNkYFvA0QNuMKtp8="
        }
    }
}
